
Microsoft Visual Studio Solution File, Format Version 12.00
# Visual Studio Version 17
VisualStudioVersion = 17.8.34309.116
MinimumVisualStudioVersion = 10.0.40219.1
Project("{9A19103F-16F7-4668-BE54-9A1E7A4F7556}") = "NZWalks.API", "NZWalks.API\NZWalks.API.csproj", "{AA4C676A-DF7F-4C0C-9292-2B1047F9E96A}"
EndProject
Global
	GlobalSection(SolutionConfigurationPlatforms) = preSolution
		Debug|Any CPU = Debug|Any CPU
		Release|Any CPU = Release|Any CPU
	EndGlobalSection
	GlobalSection(ProjectConfigurationPlatforms) = postSolution
		{AA4C676A-DF7F-4C0C-9292-2B1047F9E96A}.Debug|Any CPU.ActiveCfg = Debug|Any CPU
		{AA4C676A-DF7F-4C0C-9292-2B1047F9E96A}.Debug|Any CPU.Build.0 = Debug|Any CPU
		{AA4C676A-DF7F-4C0C-9292-2B1047F9E96A}.Release|Any CPU.ActiveCfg = Release|Any CPU
		{AA4C676A-DF7F-4C0C-9292-2B1047F9E96A}.Release|Any CPU.Build.0 = Release|Any CPU
	EndGlobalSection
	GlobalSection(SolutionProperties) = preSolution
		HideSolutionNode = FALSE
	EndGlobalSection
	GlobalSection(ExtensibilityGlobals) = postSolution
		SolutionGuid = {6E18517B-DE46-410E-9809-DD9E7D133D10}
	EndGlobalSection
EndGlobal
